
Microsoft Visual Studio Solution File, Format Version 12.00
# Visual Studio 15
Project("{FAE04EC0-301F-11D3-BF4B-00C04F79EFBC}") = "Assembly-CSharp", "Assembly-CSharp.csproj", "{C082A784-B4F9-D4FA-8C15-A0EDC9EC3F0D}"
EndProject
Global
	GlobalSection(SolutionConfigurationPlatforms) = preSolution
		Debug|Any CPU = Debug|Any CPU
		Release|Any CPU = Release|Any CPU
	EndGlobalSection
	GlobalSection(ProjectConfigurationPlatforms) = postSolution
		{C082A784-B4F9-D4FA-8C15-A0EDC9EC3F0D}.Debug|Any CPU.ActiveCfg = Debug|Any CPU
		{C082A784-B4F9-D4FA-8C15-A0EDC9EC3F0D}.Debug|Any CPU.Build.0 = Debug|Any CPU
		{C082A784-B4F9-D4FA-8C15-A0EDC9EC3F0D}.Release|Any CPU.ActiveCfg = Release|Any CPU
		{C082A784-B4F9-D4FA-8C15-A0EDC9EC3F0D}.Release|Any CPU.Build.0 = Release|Any CPU
	EndGlobalSection
	GlobalSection(SolutionProperties) = preSolution
		HideSolutionNode = FALSE
	EndGlobalSection
	GlobalSection(MonoDevelopProperties) = preSolution
		StartupItem = Assembly-CSharp.csproj
	EndGlobalSection
EndGlobal
